
Microsoft Visual Studio Solution File, Format Version 12.00
# Visual Studio Version 16
VisualStudioVersion = 16.0.31702.278
MinimumVisualStudioVersion = 10.0.40219.1
Project("{FAE04EC0-301F-11D3-BF4B-00C04F79EFBC}") = "lab 7_2", "lab 7_2\lab 7_2.csproj", "{C4D14098-EBED-4EFB-9DF3-C02DF435E8FD}"
EndProject
Global
	GlobalSection(SolutionConfigurationPlatforms) = preSolution
		Debug|Any CPU = Debug|Any CPU
		Release|Any CPU = Release|Any CPU
	EndGlobalSection
	GlobalSection(ProjectConfigurationPlatforms) = postSolution
		{C4D14098-EBED-4EFB-9DF3-C02DF435E8FD}.Debug|Any CPU.ActiveCfg = Debug|Any CPU
		{C4D14098-EBED-4EFB-9DF3-C02DF435E8FD}.Debug|Any CPU.Build.0 = Debug|Any CPU
		{C4D14098-EBED-4EFB-9DF3-C02DF435E8FD}.Release|Any CPU.ActiveCfg = Release|Any CPU
		{C4D14098-EBED-4EFB-9DF3-C02DF435E8FD}.Release|Any CPU.Build.0 = Release|Any CPU
	EndGlobalSection
	GlobalSection(SolutionProperties) = preSolution
		HideSolutionNode = FALSE
	EndGlobalSection
	GlobalSection(ExtensibilityGlobals) = postSolution
		SolutionGuid = {EF4E662D-50F9-4675-8CEC-185CE4675F68}
	EndGlobalSection
EndGlobal
